
Microsoft Visual Studio Solution File, Format Version 12.00
# Visual Studio 15
VisualStudioVersion = 15.0.27428.2043
MinimumVisualStudioVersion = 10.0.40219.1
Project("{FAE04EC0-301F-11D3-BF4B-00C04F79EFBC}") = "MVC Data project", "MVC Data project\MVC Data project.csproj", "{0DF5ED36-C4FD-43DF-90C9-0529DB02C9BE}"
EndProject
Global
	GlobalSection(SolutionConfigurationPlatforms) = preSolution
		Debug|Any CPU = Debug|Any CPU
		Release|Any CPU = Release|Any CPU
	EndGlobalSection
	GlobalSection(ProjectConfigurationPlatforms) = postSolution
		{0DF5ED36-C4FD-43DF-90C9-0529DB02C9BE}.Debug|Any CPU.ActiveCfg = Debug|Any CPU
		{0DF5ED36-C4FD-43DF-90C9-0529DB02C9BE}.Debug|Any CPU.Build.0 = Debug|Any CPU
		{0DF5ED36-C4FD-43DF-90C9-0529DB02C9BE}.Release|Any CPU.ActiveCfg = Release|Any CPU
		{0DF5ED36-C4FD-43DF-90C9-0529DB02C9BE}.Release|Any CPU.Build.0 = Release|Any CPU
	EndGlobalSection
	GlobalSection(SolutionProperties) = preSolution
		HideSolutionNode = FALSE
	EndGlobalSection
	GlobalSection(ExtensibilityGlobals) = postSolution
		SolutionGuid = {B8ADF778-AC2C-4341-A778-BF07EFE09894}
	EndGlobalSection
EndGlobal
